
Microsoft Visual Studio Solution File, Format Version 12.00
# Visual Studio 11
Project("{8BC9CEB8-8B4A-11D0-8D11-00A0C91BC942}") = "TFLStats", "TFLStats\TFLStats.vcxproj", "{50B19A1E-53C5-63E9-A5EA-58B6D7ED6717}"
EndProject
Global
	GlobalSection(SolutionConfigurationPlatforms) = preSolution
		Debug|Win32 = Debug|Win32
		Release|Win32 = Release|Win32
	EndGlobalSection
	GlobalSection(ProjectConfigurationPlatforms) = postSolution
		{50B19A1E-53C5-63E9-A5EA-58B6D7ED6717}.Debug|Win32.ActiveCfg = Debug|Win32
		{50B19A1E-53C5-63E9-A5EA-58B6D7ED6717}.Debug|Win32.Build.0 = Debug|Win32
		{50B19A1E-53C5-63E9-A5EA-58B6D7ED6717}.Release|Win32.ActiveCfg = Release|Win32
		{50B19A1E-53C5-63E9-A5EA-58B6D7ED6717}.Release|Win32.Build.0 = Release|Win32
	EndGlobalSection
	GlobalSection(SolutionProperties) = preSolution
		HideSolutionNode = FALSE
	EndGlobalSection
EndGlobal
